// !$*UTF8*$!
{
	archiveVersion = 1;
	classes = {
	};
	objectVersion = 77;
	objects = {

/* Begin PBXBuildFile section */
		118F3BE62CA09D7B004C927A /* SwiftSerial in Frameworks */ = {isa = PBXBuildFile; productRef = 118F3BE52CA09D7B004C927A /* SwiftSerial */; };
/* End PBXBuildFile section */

/* Begin PBXContainerItemProxy section */
		118F3BC32CA06ACE004C927A /* PBXContainerItemProxy */ = {
			isa = PBXContainerItemProxy;
			containerPortal = 118F3BA92CA06AC8004C927A /* Project object */;
			proxyType = 1;
			remoteGlobalIDString = 118F3BB02CA06AC8004C927A;
			remoteInfo = TestSerialCommunicator;
		};
		118F3BCD2CA06ACE004C927A /* PBXContainerItemProxy */ = {
			isa = PBXContainerItemProxy;
			containerPortal = 118F3BA92CA06AC8004C927A /* Project object */;
			proxyType = 1;
			remoteGlobalIDString = 118F3BB02CA06AC8004C927A;
			remoteInfo = TestSerialCommunicator;
		};
/* End PBXContainerItemProxy section */

/* Begin PBXFileReference section */
		118F3BB12CA06AC8004C927A /* TestSerialCommunicator.app */ = {isa = PBXFileReference; explicitFileType = wrapper.application; includeInIndex = 0; path = TestSerialCommunicator.app; sourceTree = BUILT_PRODUCTS_DIR; };
		118F3BC22CA06ACE004C927A /* TestSerialCommunicatorTests.xctest */ = {isa = PBXFileReference; explicitFileType = wrapper.cfbundle; includeInIndex = 0; path = TestSerialCommunicatorTests.xctest; sourceTree = BUILT_PRODUCTS_DIR; };
		118F3BCC2CA06ACE004C927A /* TestSerialCommunicatorUITests.xctest */ = {isa = PBXFileReference; explicitFileType = wrapper.cfbundle; includeInIndex = 0; path = TestSerialCommunicatorUITests.xctest; sourceTree = BUILT_PRODUCTS_DIR; };
/* End PBXFileReference section */

/* Begin PBXFileSystemSynchronizedRootGroup section */
		118F3BB32CA06AC8004C927A /* TestSerialCommunicator */ = {
			isa = PBXFileSystemSynchronizedRootGroup;
			path = TestSerialCommunicator;
			sourceTree = "<group>";
		};
		118F3BC52CA06ACE004C927A /* TestSerialCommunicatorTests */ = {
			isa = PBXFileSystemSynchronizedRootGroup;
			path = TestSerialCommunicatorTests;
			sourceTree = "<group>";
		};
		118F3BCF2CA06ACE004C927A /* TestSerialCommunicatorUITests */ = {
			isa = PBXFileSystemSynchronizedRootGroup;
			path = TestSerialCommunicatorUITests;
			sourceTree = "<group>";
		};
/* End PBXFileSystemSynchronizedRootGroup section */

/* Begin PBXFrameworksBuildPhase section */
		118F3BAE2CA06AC8004C927A /* Frameworks */ = {
			isa = PBXFrameworksBuildPhase;
			buildActionMask = 2147483647;
			files = (
				118F3BE62CA09D7B004C927A /* SwiftSerial in Frameworks */,
			);
			runOnlyForDeploymentPostprocessing = 0;
		};
		118F3BBF2CA06ACE004C927A /* Frameworks */ = {
			isa = PBXFrameworksBuildPhase;
			buildActionMask = 2147483647;
			files = (
			);
			runOnlyForDeploymentPostprocessing = 0;
		};
		118F3BC92CA06ACE004C927A /* Frameworks */ = {
			isa = PBXFrameworksBuildPhase;
			buildActionMask = 2147483647;
			files = (
			);
			runOnlyForDeploymentPostprocessing = 0;
		};
/* End PBXFrameworksBuildPhase section */

/* Begin PBXGroup section */
		118F3BA82CA06AC8004C927A = {
			isa = PBXGroup;
			children = (
				118F3BB32CA06AC8004C927A /* TestSerialCommunicator */,
				118F3BC52CA06ACE004C927A /* TestSerialCommunicatorTests */,
				118F3BCF2CA06ACE004C927A /* TestSerialCommunicatorUITests */,
				118F3BB22CA06AC8004C927A /* Products */,
			);
			sourceTree = "<group>";
		};
		118F3BB22CA06AC8004C927A /* Products */ = {
			isa = PBXGroup;
			children = (
				118F3BB12CA06AC8004C927A /* TestSerialCommunicator.app */,
				118F3BC22CA06ACE004C927A /* TestSerialCommunicatorTests.xctest */,
				118F3BCC2CA06ACE004C927A /* TestSerialCommunicatorUITests.xctest */,
			);
			name = Products;
			sourceTree = "<group>";
		};
/* End PBXGroup section */

/* Begin PBXNativeTarget section */
		118F3BB02CA06AC8004C927A /* TestSerialCommunicator */ = {
			isa = PBXNativeTarget;
			buildConfigurationList = 118F3BD62CA06ACE004C927A /* Build configuration list for PBXNativeTarget "TestSerialCommunicator" */;
			buildPhases = (
				118F3BAD2CA06AC8004C927A /* Sources */,
				118F3BAE2CA06AC8004C927A /* Frameworks */,
				118F3BAF2CA06AC8004C927A /* Resources */,
			);
			buildRules = (
			);
			dependencies = (
			);
			fileSystemSynchronizedGroups = (
				118F3BB32CA06AC8004C927A /* TestSerialCommunicator */,
			);
			name = TestSerialCommunicator;
			packageProductDependencies = (
				118F3BE52CA09D7B004C927A /* SwiftSerial */,
			);
			productName = TestSerialCommunicator;
			productReference = 118F3BB12CA06AC8004C927A /* TestSerialCommunicator.app */;
			productType = "com.apple.product-type.application";
		};
		118F3BC12CA06ACE004C927A /* TestSerialCommunicatorTests */ = {
			isa = PBXNativeTarget;
			buildConfigurationList = 118F3BD92CA06ACE004C927A /* Build configuration list for PBXNativeTarget "TestSerialCommunicatorTests" */;
			buildPhases = (
				118F3BBE2CA06ACE004C927A /* Sources */,
				118F3BBF2CA06ACE004C927A /* Frameworks */,
				118F3BC02CA06ACE004C927A /* Resources */,
			);
			buildRules = (
			);
			dependencies = (
				118F3BC42CA06ACE004C927A /* PBXTargetDependency */,
			);
			fileSystemSynchronizedGroups = (
				118F3BC52CA06ACE004C927A /* TestSerialCommunicatorTests */,
			);
			name = TestSerialCommunicatorTests;
			packageProductDependencies = (
			);
			productName = TestSerialCommunicatorTests;
			productReference = 118F3BC22CA06ACE004C927A /* TestSerialCommunicatorTests.xctest */;
			productType = "com.apple.product-type.bundle.unit-test";
		};
		118F3BCB2CA06ACE004C927A /* TestSerialCommunicatorUITests */ = {
			isa = PBXNativeTarget;
			buildConfigurationList = 118F3BDC2CA06ACE004C927A /* Build configuration list for PBXNativeTarget "TestSerialCommunicatorUITests" */;
			buildPhases = (
				118F3BC82CA06ACE004C927A /* Sources */,
				118F3BC92CA06ACE004C927A /* Frameworks */,
				118F3BCA2CA06ACE004C927A /* Resources */,
			);
			buildRules = (
			);
			dependencies = (
				118F3BCE2CA06ACE004C927A /* PBXTargetDependency */,
			);
			fileSystemSynchronizedGroups = (
				118F3BCF2CA06ACE004C927A /* TestSerialCommunicatorUITests */,
			);
			name = TestSerialCommunicatorUITests;
			packageProductDependencies = (
			);
			productName = TestSerialCommunicatorUITests;
			productReference = 118F3BCC2CA06ACE004C927A /* TestSerialCommunicatorUITests.xctest */;
			productType = "com.apple.product-type.bundle.ui-testing";
		};
/* End PBXNativeTarget section */

/* Begin PBXProject section */
		118F3BA92CA06AC8004C927A /* Project object */ = {
			isa = PBXProject;
			attributes = {
				BuildIndependentTargetsInParallel = 1;
				LastSwiftUpdateCheck = 1600;
				LastUpgradeCheck = 1600;
				TargetAttributes = {
					118F3BB02CA06AC8004C927A = {
						CreatedOnToolsVersion = 16.0;
					};
					118F3BC12CA06ACE004C927A = {
						CreatedOnToolsVersion = 16.0;
						TestTargetID = 118F3BB02CA06AC8004C927A;
					};
					118F3BCB2CA06ACE004C927A = {
						CreatedOnToolsVersion = 16.0;
						TestTargetID = 118F3BB02CA06AC8004C927A;
					};
				};
			};
			buildConfigurationList = 118F3BAC2CA06AC8004C927A /* Build configuration list for PBXProject "TestSerialCommunicator" */;
			developmentRegion = en;
			hasScannedForEncodings = 0;
			knownRegions = (
				en,
				Base,
			);
			mainGroup = 118F3BA82CA06AC8004C927A;
			minimizedProjectReferenceProxies = 1;
			packageReferences = (
				118F3BE42CA09D7B004C927A /* XCRemoteSwiftPackageReference "SwiftSerial" */,
			);
			preferredProjectObjectVersion = 77;
			productRefGroup = 118F3BB22CA06AC8004C927A /* Products */;
			projectDirPath = "";
			projectRoot = "";
			targets = (
				118F3BB02CA06AC8004C927A /* TestSerialCommunicator */,
				118F3BC12CA06ACE004C927A /* TestSerialCommunicatorTests */,
				118F3BCB2CA06ACE004C927A /* TestSerialCommunicatorUITests */,
			);
		};
/* End PBXProject section */

/* Begin PBXResourcesBuildPhase section */
		118F3BAF2CA06AC8004C927A /* Resources */ = {
			isa = PBXResourcesBuildPhase;
			buildActionMask = 2147483647;
			files = (
			);
			runOnlyForDeploymentPostprocessing = 0;
		};
		118F3BC02CA06ACE004C927A /* Resources */ = {
			isa = PBXResourcesBuildPhase;
			buildActionMask = 2147483647;
			files = (
			);
			runOnlyForDeploymentPostprocessing = 0;
		};
		118F3BCA2CA06ACE004C927A /* Resources */ = {
			isa = PBXResourcesBuildPhase;
			buildActionMask = 2147483647;
			files = (
			);
			runOnlyForDeploymentPostprocessing = 0;
		};
/* End PBXResourcesBuildPhase section */

/* Begin PBXSourcesBuildPhase section */
		118F3BAD2CA06AC8004C927A /* Sources */ = {
			isa = PBXSourcesBuildPhase;
			buildActionMask = 2147483647;
			files = (
			);
			runOnlyForDeploymentPostprocessing = 0;
		};
		118F3BBE2CA06ACE004C927A /* Sources */ = {
			isa = PBXSourcesBuildPhase;
			buildActionMask = 2147483647;
			files = (
			);
			runOnlyForDeploymentPostprocessing = 0;
		};
		118F3BC82CA06ACE004C927A /* Sources */ = {
			isa = PBXSourcesBuildPhase;
			buildActionMask = 2147483647;
			files = (
			);
			runOnlyForDeploymentPostprocessing = 0;
		};
/* End PBXSourcesBuildPhase section */

/* Begin PBXTargetDependency section */
		118F3BC42CA06ACE004C927A /* PBXTargetDependency */ = {
			isa = PBXTargetDependency;
			target = 118F3BB02CA06AC8004C927A /* TestSerialCommunicator */;
			targetProxy = 118F3BC32CA06ACE004C927A /* PBXContainerItemProxy */;
		};
		118F3BCE2CA06ACE004C927A /* PBXTargetDependency */ = {
			isa = PBXTargetDependency;
			target = 118F3BB02CA06AC8004C927A /* TestSerialCommunicator */;
			targetProxy = 118F3BCD2CA06ACE004C927A /* PBXContainerItemProxy */;
		};
/* End PBXTargetDependency section */

/* Begin XCBuildConfiguration section */
		118F3BD42CA06ACE004C927A /* Debug */ = {
			isa = XCBuildConfiguration;
			buildSettings = {
				ALWAYS_SEARCH_USER_PATHS = NO;
				ASSETCATALOG_COMPILER_GENERATE_SWIFT_ASSET_SYMBOL_EXTENSIONS = YES;
				CLANG_ANALYZER_NONNULL = YES;
				CLANG_ANALYZER_NUMBER_OBJECT_CONVERSION = YES_AGGRESSIVE;
				CLANG_CXX_LANGUAGE_STANDARD = "gnu++20";
				CLANG_ENABLE_MODULES = YES;
				CLANG_ENABLE_OBJC_ARC = YES;
				CLANG_ENABLE_OBJC_WEAK = YES;
				CLANG_WARN_BLOCK_CAPTURE_AUTORELEASING = YES;
				CLANG_WARN_BOOL_CONVERSION = YES;
				CLANG_WARN_COMMA = YES;
				CLANG_WARN_CONSTANT_CONVERSION = YES;
				CLANG_WARN_DEPRECATED_OBJC_IMPLEMENTATIONS = YES;
				CLANG_WARN_DIRECT_OBJC_ISA_USAGE = YES_ERROR;
				CLANG_WARN_DOCUMENTATION_COMMENTS = YES;
				CLANG_WARN_EMPTY_BODY = YES;
				CLANG_WARN_ENUM_CONVERSION = YES;
				CLANG_WARN_INFINITE_RECURSION = YES;
				CLANG_WARN_INT_CONVERSION = YES;
				CLANG_WARN_NON_LITERAL_NULL_CONVERSION = YES;
				CLANG_WARN_OBJC_IMPLICIT_RETAIN_SELF = YES;
				CLANG_WARN_OBJC_LITERAL_CONVERSION = YES;
				CLANG_WARN_OBJC_ROOT_CLASS = YES_ERROR;
				CLANG_WARN_QUOTED_INCLUDE_IN_FRAMEWORK_HEADER = YES;
				CLANG_WARN_RANGE_LOOP_ANALYSIS = YES;
				CLANG_WARN_STRICT_PROTOTYPES = YES;
				CLANG_WARN_SUSPICIOUS_MOVE = YES;
				CLANG_WARN_UNGUARDED_AVAILABILITY = YES_AGGRESSIVE;
				CLANG_WARN_UNREACHABLE_CODE = YES;
				CLANG_WARN__DUPLICATE_METHOD_MATCH = YES;
				COPY_PHASE_STRIP = NO;
				DEBUG_INFORMATION_FORMAT = dwarf;
				ENABLE_STRICT_OBJC_MSGSEND = YES;
				ENABLE_TESTABILITY = YES;
				ENABLE_USER_SCRIPT_SANDBOXING = YES;
				GCC_C_LANGUAGE_STANDARD = gnu17;
				GCC_DYNAMIC_NO_PIC = NO;
				GCC_NO_COMMON_BLOCKS = YES;
				GCC_OPTIMIZATION_LEVEL = 0;
				GCC_PREPROCESSOR_DEFINITIONS = (
					"DEBUG=1",
					"$(inherited)",
				);
				GCC_WARN_64_TO_32_BIT_CONVERSION = YES;
				GCC_WARN_ABOUT_RETURN_TYPE = YES_ERROR;
				GCC_WARN_UNDECLARED_SELECTOR = YES;
				GCC_WARN_UNINITIALIZED_AUTOS = YES_AGGRESSIVE;
				GCC_WARN_UNUSED_FUNCTION = YES;
				GCC_WARN_UNUSED_VARIABLE = YES;
				LOCALIZATION_PREFERS_STRING_CATALOGS = YES;
				MACOSX_DEPLOYMENT_TARGET = 14.7;
				MTL_ENABLE_DEBUG_INFO = INCLUDE_SOURCE;
				MTL_FAST_MATH = YES;
				ONLY_ACTIVE_ARCH = YES;
				SDKROOT = macosx;
				SWIFT_ACTIVE_COMPILATION_CONDITIONS = "DEBUG $(inherited)";
				SWIFT_OPTIMIZATION_LEVEL = "-Onone";
			};
			name = Debug;
		};
		118F3BD52CA06ACE004C927A /* Release */ = {
			isa = XCBuildConfiguration;
			buildSettings = {
				ALWAYS_SEARCH_USER_PATHS = NO;
				ASSETCATALOG_COMPILER_GENERATE_SWIFT_ASSET_SYMBOL_EXTENSIONS = YES;
				CLANG_ANALYZER_NONNULL = YES;
				CLANG_ANALYZER_NUMBER_OBJECT_CONVERSION = YES_AGGRESSIVE;
				CLANG_CXX_LANGUAGE_STANDARD = "gnu++20";
				CLANG_ENABLE_MODULES = YES;
				CLANG_ENABLE_OBJC_ARC = YES;
				CLANG_ENABLE_OBJC_WEAK = YES;
				CLANG_WARN_BLOCK_CAPTURE_AUTORELEASING = YES;
				CLANG_WARN_BOOL_CONVERSION = YES;
				CLANG_WARN_COMMA = YES;
				CLANG_WARN_CONSTANT_CONVERSION = YES;
				CLANG_WARN_DEPRECATED_OBJC_IMPLEMENTATIONS = YES;
				CLANG_WARN_DIRECT_OBJC_ISA_USAGE = YES_ERROR;
				CLANG_WARN_DOCUMENTATION_COMMENTS = YES;
				CLANG_WARN_EMPTY_BODY = YES;
				CLANG_WARN_ENUM_CONVERSION = YES;
				CLANG_WARN_INFINITE_RECURSION = YES;
				CLANG_WARN_INT_CONVERSION = YES;
				CLANG_WARN_NON_LITERAL_NULL_CONVERSION = YES;
				CLANG_WARN_OBJC_IMPLICIT_RETAIN_SELF = YES;
				CLANG_WARN_OBJC_LITERAL_CONVERSION = YES;
				CLANG_WARN_OBJC_ROOT_CLASS = YES_ERROR;
				CLANG_WARN_QUOTED_INCLUDE_IN_FRAMEWORK_HEADER = YES;
				CLANG_WARN_RANGE_LOOP_ANALYSIS = YES;
				CLANG_WARN_STRICT_PROTOTYPES = YES;
				CLANG_WARN_SUSPICIOUS_MOVE = YES;
				CLANG_WARN_UNGUARDED_AVAILABILITY = YES_AGGRESSIVE;
				CLANG_WARN_UNREACHABLE_CODE = YES;
				CLANG_WARN__DUPLICATE_METHOD_MATCH = YES;
				COPY_PHASE_STRIP = NO;
				DEBUG_INFORMATION_FORMAT = "dwarf-with-dsym";
				ENABLE_NS_ASSERTIONS = NO;
				ENABLE_STRICT_OBJC_MSGSEND = YES;
				ENABLE_USER_SCRIPT_SANDBOXING = YES;
				GCC_C_LANGUAGE_STANDARD = gnu17;
				GCC_NO_COMMON_BLOCKS = YES;
				GCC_WARN_64_TO_32_BIT_CONVERSION = YES;
				GCC_WARN_ABOUT_RETURN_TYPE = YES_ERROR;
				GCC_WARN_UNDECLARED_SELECTOR = YES;
				GCC_WARN_UNINITIALIZED_AUTOS = YES_AGGRESSIVE;
				GCC_WARN_UNUSED_FUNCTION = YES;
				GCC_WARN_UNUSED_VARIABLE = YES;
				LOCALIZATION_PREFERS_STRING_CATALOGS = YES;
				MACOSX_DEPLOYMENT_TARGET = 14.7;
				MTL_ENABLE_DEBUG_INFO = NO;
				MTL_FAST_MATH = YES;
				SDKROOT = macosx;
				SWIFT_COMPILATION_MODE = wholemodule;
			};
			name = Release;
		};
		118F3BD72CA06ACE004C927A /* Debug */ = {
			isa = XCBuildConfiguration;
			buildSettings = {
				ASSETCATALOG_COMPILER_APPICON_NAME = AppIcon;
				ASSETCATALOG_COMPILER_GLOBAL_ACCENT_COLOR_NAME = AccentColor;
				CODE_SIGN_ENTITLEMENTS = TestSerialCommunicator/TestSerialCommunicator.entitlements;
				"CODE_SIGN_IDENTITY[sdk=macosx*]" = "-";
				CODE_SIGN_STYLE = Automatic;
				COMBINE_HIDPI_IMAGES = YES;
				CURRENT_PROJECT_VERSION = 1;
				DEVELOPMENT_ASSET_PATHS = "\"TestSerialCommunicator/Preview Content\"";
				ENABLE_PREVIEWS = YES;
				GENERATE_INFOPLIST_FILE = YES;
				INFOPLIST_KEY_NSHumanReadableCopyright = "";
				LD_RUNPATH_SEARCH_PATHS = (
					"$(inherited)",
					"@executable_path/../Frameworks",
				);
				MARKETING_VERSION = 1.0;
				PRODUCT_BUNDLE_IDENTIFIER = com.kalusat.TestSerialCommunicator;
				PRODUCT_NAME = "$(TARGET_NAME)";
				SWIFT_EMIT_LOC_STRINGS = YES;
				SWIFT_VERSION = 5.0;
			};
			name = Debug;
		};
		118F3BD82CA06ACE004C927A /* Release */ = {
			isa = XCBuildConfiguration;
			buildSettings = {
				ASSETCATALOG_COMPILER_APPICON_NAME = AppIcon;
				ASSETCATALOG_COMPILER_GLOBAL_ACCENT_COLOR_NAME = AccentColor;
				CODE_SIGN_ENTITLEMENTS = TestSerialCommunicator/TestSerialCommunicator.entitlements;
				"CODE_SIGN_IDENTITY[sdk=macosx*]" = "-";
				CODE_SIGN_STYLE = Automatic;
				COMBINE_HIDPI_IMAGES = YES;
				CURRENT_PROJECT_VERSION = 1;
				DEVELOPMENT_ASSET_PATHS = "\"TestSerialCommunicator/Preview Content\"";
				ENABLE_PREVIEWS = YES;
				GENERATE_INFOPLIST_FILE = YES;
				INFOPLIST_KEY_NSHumanReadableCopyright = "";
				LD_RUNPATH_SEARCH_PATHS = (
					"$(inherited)",
					"@executable_path/../Frameworks",
				);
				MARKETING_VERSION = 1.0;
				PRODUCT_BUNDLE_IDENTIFIER = com.kalusat.TestSerialCommunicator;
				PRODUCT_NAME = "$(TARGET_NAME)";
				SWIFT_EMIT_LOC_STRINGS = YES;
				SWIFT_VERSION = 5.0;
			};
			name = Release;
		};
		118F3BDA2CA06ACE004C927A /* Debug */ = {
			isa = XCBuildConfiguration;
			buildSettings = {
				BUNDLE_LOADER = "$(TEST_HOST)";
				CODE_SIGN_STYLE = Automatic;
				CURRENT_PROJECT_VERSION = 1;
				GENERATE_INFOPLIST_FILE = YES;
				MACOSX_DEPLOYMENT_TARGET = 14.7;
				MARKETING_VERSION = 1.0;
				PRODUCT_BUNDLE_IDENTIFIER = com.kalusat.TestSerialCommunicatorTests;
				PRODUCT_NAME = "$(TARGET_NAME)";
				SWIFT_EMIT_LOC_STRINGS = NO;
				SWIFT_VERSION = 5.0;
				TEST_HOST = "$(BUILT_PRODUCTS_DIR)/TestSerialCommunicator.app/$(BUNDLE_EXECUTABLE_FOLDER_PATH)/TestSerialCommunicator";
			};
			name = Debug;
		};
		118F3BDB2CA06ACE004C927A /* Release */ = {
			isa = XCBuildConfiguration;
			buildSettings = {
				BUNDLE_LOADER = "$(TEST_HOST)";
				CODE_SIGN_STYLE = Automatic;
				CURRENT_PROJECT_VERSION = 1;
				GENERATE_INFOPLIST_FILE = YES;
				MACOSX_DEPLOYMENT_TARGET = 14.7;
				MARKETING_VERSION = 1.0;
				PRODUCT_BUNDLE_IDENTIFIER = com.kalusat.TestSerialCommunicatorTests;
				PRODUCT_NAME = "$(TARGET_NAME)";
				SWIFT_EMIT_LOC_STRINGS = NO;
				SWIFT_VERSION = 5.0;
				TEST_HOST = "$(BUILT_PRODUCTS_DIR)/TestSerialCommunicator.app/$(BUNDLE_EXECUTABLE_FOLDER_PATH)/TestSerialCommunicator";
			};
			name = Release;
		};
		118F3BDD2CA06ACE004C927A /* Debug */ = {
			isa = XCBuildConfiguration;
			buildSettings = {
				CODE_SIGN_STYLE = Automatic;
				CURRENT_PROJECT_VERSION = 1;
				GENERATE_INFOPLIST_FILE = YES;
				MARKETING_VERSION = 1.0;
				PRODUCT_BUNDLE_IDENTIFIER = com.kalusat.TestSerialCommunicatorUITests;
				PRODUCT_NAME = "$(TARGET_NAME)";
				SWIFT_EMIT_LOC_STRINGS = NO;
				SWIFT_VERSION = 5.0;
				TEST_TARGET_NAME = TestSerialCommunicator;
			};
			name = Debug;
		};
		118F3BDE2CA06ACE004C927A /* Release */ = {
			isa = XCBuildConfiguration;
			buildSettings = {
				CODE_SIGN_STYLE = Automatic;
				CURRENT_PROJECT_VERSION = 1;
				GENERATE_INFOPLIST_FILE = YES;
				MARKETING_VERSION = 1.0;
				PRODUCT_BUNDLE_IDENTIFIER = com.kalusat.TestSerialCommunicatorUITests;
				PRODUCT_NAME = "$(TARGET_NAME)";
				SWIFT_EMIT_LOC_STRINGS = NO;
				SWIFT_VERSION = 5.0;
				TEST_TARGET_NAME = TestSerialCommunicator;
			};
			name = Release;
		};
/* End XCBuildConfiguration section */

/* Begin XCConfigurationList section */
		118F3BAC2CA06AC8004C927A /* Build configuration list for PBXProject "TestSerialCommunicator" */ = {
			isa = XCConfigurationList;
			buildConfigurations = (
				118F3BD42CA06ACE004C927A /* Debug */,
				118F3BD52CA06ACE004C927A /* Release */,
			);
			defaultConfigurationIsVisible = 0;
			defaultConfigurationName = Release;
		};
		118F3BD62CA06ACE004C927A /* Build configuration list for PBXNativeTarget "TestSerialCommunicator" */ = {
			isa = XCConfigurationList;
			buildConfigurations = (
				118F3BD72CA06ACE004C927A /* Debug */,
				118F3BD82CA06ACE004C927A /* Release */,
			);
			defaultConfigurationIsVisible = 0;
			defaultConfigurationName = Release;
		};
		118F3BD92CA06ACE004C927A /* Build configuration list for PBXNativeTarget "TestSerialCommunicatorTests" */ = {
			isa = XCConfigurationList;
			buildConfigurations = (
				118F3BDA2CA06ACE004C927A /* Debug */,
				118F3BDB2CA06ACE004C927A /* Release */,
			);
			defaultConfigurationIsVisible = 0;
			defaultConfigurationName = Release;
		};
		118F3BDC2CA06ACE004C927A /* Build configuration list for PBXNativeTarget "TestSerialCommunicatorUITests" */ = {
			isa = XCConfigurationList;
			buildConfigurations = (
				118F3BDD2CA06ACE004C927A /* Debug */,
				118F3BDE2CA06ACE004C927A /* Release */,
			);
			defaultConfigurationIsVisible = 0;
			defaultConfigurationName = Release;
		};
/* End XCConfigurationList section */

/* Begin XCRemoteSwiftPackageReference section */
		118F3BE42CA09D7B004C927A /* XCRemoteSwiftPackageReference "SwiftSerial" */ = {
			isa = XCRemoteSwiftPackageReference;
			repositoryURL = "https://github.com/mredig/SwiftSerial";
			requirement = {
				kind = upToNextMajorVersion;
				minimumVersion = 0.1.4;
			};
		};
/* End XCRemoteSwiftPackageReference section */

/* Begin XCSwiftPackageProductDependency section */
		118F3BE52CA09D7B004C927A /* SwiftSerial */ = {
			isa = XCSwiftPackageProductDependency;
			package = 118F3BE42CA09D7B004C927A /* XCRemoteSwiftPackageReference "SwiftSerial" */;
			productName = SwiftSerial;
		};
/* End XCSwiftPackageProductDependency section */
	};
	rootObject = 118F3BA92CA06AC8004C927A /* Project object */;
}
